
Microsoft Visual Studio Solution File, Format Version 12.00
# Visual Studio Version 16
VisualStudioVersion = 16.0.32901.82
MinimumVisualStudioVersion = 10.0.40219.1
Project("{FAE04EC0-301F-11D3-BF4B-00C04F79EFBC}") = "ThirdPractic", "ThirdPractic.csproj", "{03356971-95F0-4D86-A5F9-E6CFA996A081}"
EndProject
Global
	GlobalSection(SolutionConfigurationPlatforms) = preSolution
		Debug|Any CPU = Debug|Any CPU
		Release|Any CPU = Release|Any CPU
	EndGlobalSection
	GlobalSection(ProjectConfigurationPlatforms) = postSolution
		{03356971-95F0-4D86-A5F9-E6CFA996A081}.Debug|Any CPU.ActiveCfg = Debug|Any CPU
		{03356971-95F0-4D86-A5F9-E6CFA996A081}.Debug|Any CPU.Build.0 = Debug|Any CPU
		{03356971-95F0-4D86-A5F9-E6CFA996A081}.Release|Any CPU.ActiveCfg = Release|Any CPU
		{03356971-95F0-4D86-A5F9-E6CFA996A081}.Release|Any CPU.Build.0 = Release|Any CPU
	EndGlobalSection
	GlobalSection(SolutionProperties) = preSolution
		HideSolutionNode = FALSE
	EndGlobalSection
	GlobalSection(ExtensibilityGlobals) = postSolution
		SolutionGuid = {0AD4FD53-1E5A-4153-B02E-47B781979821}
	EndGlobalSection
EndGlobal
