
Microsoft Visual Studio Solution File, Format Version 12.00
# Visual Studio Version 16
VisualStudioVersion = 16.0.32901.82
MinimumVisualStudioVersion = 10.0.40219.1
Project("{FAE04EC0-301F-11D3-BF4B-00C04F79EFBC}") = "SecondPractic", "SecondPractic.csproj", "{322ED465-3756-47DA-AAC4-D01F504BBBAA}"
EndProject
Global
	GlobalSection(SolutionConfigurationPlatforms) = preSolution
		Debug|Any CPU = Debug|Any CPU
		Release|Any CPU = Release|Any CPU
	EndGlobalSection
	GlobalSection(ProjectConfigurationPlatforms) = postSolution
		{322ED465-3756-47DA-AAC4-D01F504BBBAA}.Debug|Any CPU.ActiveCfg = Debug|Any CPU
		{322ED465-3756-47DA-AAC4-D01F504BBBAA}.Debug|Any CPU.Build.0 = Debug|Any CPU
		{322ED465-3756-47DA-AAC4-D01F504BBBAA}.Release|Any CPU.ActiveCfg = Release|Any CPU
		{322ED465-3756-47DA-AAC4-D01F504BBBAA}.Release|Any CPU.Build.0 = Release|Any CPU
	EndGlobalSection
	GlobalSection(SolutionProperties) = preSolution
		HideSolutionNode = FALSE
	EndGlobalSection
	GlobalSection(ExtensibilityGlobals) = postSolution
		SolutionGuid = {3C5CC77D-9F96-4898-990F-2B1A06AD253A}
	EndGlobalSection
EndGlobal
